# This file is automatically @generated by Cargo.
# It is not intended for manual editing.
version = 3

[[package]]
name = "aoc-utils"
version = "0.1.0"
source = "git+https://github.com/misfits42/aoc-utils?branch=main#20ff47926d8dbd293b8fb68d95d2066de21a1507"

[[package]]
name = "aoc2015"
version = "0.1.0"
dependencies = [
 "aoc-utils",
]
